// !$*UTF8*$!
{
	archiveVersion = 1;
	classes = {
	};
	objectVersion = 48;
	objects = {

/* Begin PBXBuildFile section */
		70B35D8B1FE5B5BD007020ED /* AppDelegate.swift in Sources */ = {isa = PBXBuildFile; fileRef = 70B35D8A1FE5B5BD007020ED /* AppDelegate.swift */; };
		70B35D8D1FE5B5BD007020ED /* WMHomeViewController.swift in Sources */ = {isa = PBXBuildFile; fileRef = 70B35D8C1FE5B5BD007020ED /* WMHomeViewController.swift */; };
		70B35D901FE5B5BD007020ED /* Main.storyboard in Resources */ = {isa = PBXBuildFile; fileRef = 70B35D8E1FE5B5BD007020ED /* Main.storyboard */; };
		70B35D921FE5B5BD007020ED /* Assets.xcassets in Resources */ = {isa = PBXBuildFile; fileRef = 70B35D911FE5B5BD007020ED /* Assets.xcassets */; };
		70B35D951FE5B5BD007020ED /* LaunchScreen.storyboard in Resources */ = {isa = PBXBuildFile; fileRef = 70B35D931FE5B5BD007020ED /* LaunchScreen.storyboard */; };
		70B35D9D1FE5B8D4007020ED /* WMDetailViewController.swift in Sources */ = {isa = PBXBuildFile; fileRef = 70B35D9C1FE5B8D4007020ED /* WMDetailViewController.swift */; };
		70B35DA71FE5C64B007020ED /* FloatRatingView.swift in Sources */ = {isa = PBXBuildFile; fileRef = 70B35DA61FE5C64B007020ED /* FloatRatingView.swift */; };
		70B35DAE1FE5CBBA007020ED /* WMHomeTableViewCell.swift in Sources */ = {isa = PBXBuildFile; fileRef = 70B35DAD1FE5CBB9007020ED /* WMHomeTableViewCell.swift */; };
		70B35DB51FE5CE82007020ED /* WMProductModel.swift in Sources */ = {isa = PBXBuildFile; fileRef = 70B35DB41FE5CE82007020ED /* WMProductModel.swift */; };
		70B35DBC1FE5FA07007020ED /* WMProductManager.swift in Sources */ = {isa = PBXBuildFile; fileRef = 70B35DBB1FE5FA07007020ED /* WMProductManager.swift */; };
		70B35DBF1FE5FA62007020ED /* WMDataProvider.swift in Sources */ = {isa = PBXBuildFile; fileRef = 70B35DBE1FE5FA62007020ED /* WMDataProvider.swift */; };
		70B35DC31FE60022007020ED /* WMProductModelParserUtil.swift in Sources */ = {isa = PBXBuildFile; fileRef = 70B35DC21FE60022007020ED /* WMProductModelParserUtil.swift */; };
		70B35DC71FE70FA3007020ED /* UIColor+Extention.swift in Sources */ = {isa = PBXBuildFile; fileRef = 70B35DC61FE70FA3007020ED /* UIColor+Extention.swift */; };
		70B35DCC1FE71605007020ED /* MBProgressHUD.m in Sources */ = {isa = PBXBuildFile; fileRef = 70B35DCA1FE71605007020ED /* MBProgressHUD.m */; };
		70B35E071FE71846007020ED /* MKAnnotationView+WebCache.m in Sources */ = {isa = PBXBuildFile; fileRef = 70B35DD21FE71846007020ED /* MKAnnotationView+WebCache.m */; };
		70B35E081FE71846007020ED /* NSData+ImageContentType.m in Sources */ = {isa = PBXBuildFile; fileRef = 70B35DD41FE71846007020ED /* NSData+ImageContentType.m */; };
		70B35E091FE71846007020ED /* NSImage+WebCache.m in Sources */ = {isa = PBXBuildFile; fileRef = 70B35DD61FE71846007020ED /* NSImage+WebCache.m */; };
		70B35E0A1FE71846007020ED /* SDImageCache.m in Sources */ = {isa = PBXBuildFile; fileRef = 70B35DD81FE71846007020ED /* SDImageCache.m */; };
		70B35E0B1FE71846007020ED /* SDImageCacheConfig.m in Sources */ = {isa = PBXBuildFile; fileRef = 70B35DDA1FE71846007020ED /* SDImageCacheConfig.m */; };
		70B35E0C1FE71846007020ED /* SDWebImageCoder.m in Sources */ = {isa = PBXBuildFile; fileRef = 70B35DDC1FE71846007020ED /* SDWebImageCoder.m */; };
		70B35E0D1FE71846007020ED /* SDWebImageCoderHelper.m in Sources */ = {isa = PBXBuildFile; fileRef = 70B35DDE1FE71846007020ED /* SDWebImageCoderHelper.m */; };
		70B35E0E1FE71846007020ED /* SDWebImageCodersManager.m in Sources */ = {isa = PBXBuildFile; fileRef = 70B35DE01FE71846007020ED /* SDWebImageCodersManager.m */; };
		70B35E0F1FE71846007020ED /* SDWebImageCompat.m in Sources */ = {isa = PBXBuildFile; fileRef = 70B35DE21FE71846007020ED /* SDWebImageCompat.m */; };
		70B35E101FE71846007020ED /* SDWebImageDownloader.m in Sources */ = {isa = PBXBuildFile; fileRef = 70B35DE41FE71846007020ED /* SDWebImageDownloader.m */; };
		70B35E111FE71846007020ED /* SDWebImageDownloaderOperation.m in Sources */ = {isa = PBXBuildFile; fileRef = 70B35DE61FE71846007020ED /* SDWebImageDownloaderOperation.m */; };
		70B35E121FE71846007020ED /* SDWebImageFrame.m in Sources */ = {isa = PBXBuildFile; fileRef = 70B35DE81FE71846007020ED /* SDWebImageFrame.m */; };
		70B35E131FE71846007020ED /* SDWebImageGIFCoder.m in Sources */ = {isa = PBXBuildFile; fileRef = 70B35DEA1FE71846007020ED /* SDWebImageGIFCoder.m */; };
		70B35E141FE71846007020ED /* SDWebImageImageIOCoder.m in Sources */ = {isa = PBXBuildFile; fileRef = 70B35DEC1FE71846007020ED /* SDWebImageImageIOCoder.m */; };
		70B35E151FE71846007020ED /* SDWebImageManager.m in Sources */ = {isa = PBXBuildFile; fileRef = 70B35DEE1FE71846007020ED /* SDWebImageManager.m */; };
		70B35E161FE71846007020ED /* SDWebImagePrefetcher.m in Sources */ = {isa = PBXBuildFile; fileRef = 70B35DF11FE71846007020ED /* SDWebImagePrefetcher.m */; };
		70B35E171FE71846007020ED /* SDWebImageWebPCoder.m in Sources */ = {isa = PBXBuildFile; fileRef = 70B35DF31FE71846007020ED /* SDWebImageWebPCoder.m */; };
		70B35E181FE71846007020ED /* UIButton+WebCache.m in Sources */ = {isa = PBXBuildFile; fileRef = 70B35DF51FE71846007020ED /* UIButton+WebCache.m */; };
		70B35E191FE71846007020ED /* UIImage+ForceDecode.m in Sources */ = {isa = PBXBuildFile; fileRef = 70B35DF71FE71846007020ED /* UIImage+ForceDecode.m */; };
		70B35E1A1FE71846007020ED /* UIImage+GIF.m in Sources */ = {isa = PBXBuildFile; fileRef = 70B35DF91FE71846007020ED /* UIImage+GIF.m */; };
		70B35E1B1FE71846007020ED /* UIImage+MultiFormat.m in Sources */ = {isa = PBXBuildFile; fileRef = 70B35DFB1FE71846007020ED /* UIImage+MultiFormat.m */; };
		70B35E1C1FE71846007020ED /* UIImage+WebP.m in Sources */ = {isa = PBXBuildFile; fileRef = 70B35DFD1FE71846007020ED /* UIImage+WebP.m */; };
		70B35E1D1FE71846007020ED /* UIImageView+HighlightedWebCache.m in Sources */ = {isa = PBXBuildFile; fileRef = 70B35DFF1FE71846007020ED /* UIImageView+HighlightedWebCache.m */; };
		70B35E1E1FE71846007020ED /* UIImageView+WebCache.m in Sources */ = {isa = PBXBuildFile; fileRef = 70B35E011FE71846007020ED /* UIImageView+WebCache.m */; };
		70B35E1F1FE71846007020ED /* UIView+WebCache.m in Sources */ = {isa = PBXBuildFile; fileRef = 70B35E031FE71846007020ED /* UIView+WebCache.m */; };
		70B35E201FE71846007020ED /* UIView+WebCacheOperation.m in Sources */ = {isa = PBXBuildFile; fileRef = 70B35E051FE71846007020ED /* UIView+WebCacheOperation.m */; };
/* End PBXBuildFile section */

/* Begin PBXFileReference section */
		70B35D871FE5B5BD007020ED /* WalmartLabTest.app */ = {isa = PBXFileReference; explicitFileType = wrapper.application; includeInIndex = 0; path = WalmartLabTest.app; sourceTree = BUILT_PRODUCTS_DIR; };
		70B35D8A1FE5B5BD007020ED /* AppDelegate.swift */ = {isa = PBXFileReference; lastKnownFileType = sourcecode.swift; path = AppDelegate.swift; sourceTree = "<group>"; };
		70B35D8C1FE5B5BD007020ED /* WMHomeViewController.swift */ = {isa = PBXFileReference; lastKnownFileType = sourcecode.swift; path = WMHomeViewController.swift; sourceTree = "<group>"; };
		70B35D8F1FE5B5BD007020ED /* Base */ = {isa = PBXFileReference; lastKnownFileType = file.storyboard; name = Base; path = Base.lproj/Main.storyboard; sourceTree = "<group>"; };
		70B35D911FE5B5BD007020ED /* Assets.xcassets */ = {isa = PBXFileReference; lastKnownFileType = folder.assetcatalog; path = Assets.xcassets; sourceTree = "<group>"; };
		70B35D941FE5B5BD007020ED /* Base */ = {isa = PBXFileReference; lastKnownFileType = file.storyboard; name = Base; path = Base.lproj/LaunchScreen.storyboard; sourceTree = "<group>"; };
		70B35D961FE5B5BD007020ED /* Info.plist */ = {isa = PBXFileReference; lastKnownFileType = text.plist.xml; path = Info.plist; sourceTree = "<group>"; };
		70B35D9C1FE5B8D4007020ED /* WMDetailViewController.swift */ = {isa = PBXFileReference; lastKnownFileType = sourcecode.swift; path = WMDetailViewController.swift; sourceTree = "<group>"; };
		70B35DA61FE5C64B007020ED /* FloatRatingView.swift */ = {isa = PBXFileReference; fileEncoding = 4; lastKnownFileType = sourcecode.swift; path = FloatRatingView.swift; sourceTree = "<group>"; };
		70B35DAD1FE5CBB9007020ED /* WMHomeTableViewCell.swift */ = {isa = PBXFileReference; fileEncoding = 4; lastKnownFileType = sourcecode.swift; path = WMHomeTableViewCell.swift; sourceTree = "<group>"; };
		70B35DB41FE5CE82007020ED /* WMProductModel.swift */ = {isa = PBXFileReference; lastKnownFileType = sourcecode.swift; path = WMProductModel.swift; sourceTree = "<group>"; };
		70B35DBB1FE5FA07007020ED /* WMProductManager.swift */ = {isa = PBXFileReference; lastKnownFileType = sourcecode.swift; path = WMProductManager.swift; sourceTree = "<group>"; };
		70B35DBE1FE5FA62007020ED /* WMDataProvider.swift */ = {isa = PBXFileReference; lastKnownFileType = sourcecode.swift; path = WMDataProvider.swift; sourceTree = "<group>"; };
		70B35DC21FE60022007020ED /* WMProductModelParserUtil.swift */ = {isa = PBXFileReference; lastKnownFileType = sourcecode.swift; path = WMProductModelParserUtil.swift; sourceTree = "<group>"; };
		70B35DC61FE70FA3007020ED /* UIColor+Extention.swift */ = {isa = PBXFileReference; lastKnownFileType = sourcecode.swift; path = "UIColor+Extention.swift"; sourceTree = "<group>"; };
		70B35DC91FE71604007020ED /* WalmartLabTest-Bridging-Header.h */ = {isa = PBXFileReference; lastKnownFileType = sourcecode.c.h; path = "WalmartLabTest-Bridging-Header.h"; sourceTree = "<group>"; };
		70B35DCA1FE71605007020ED /* MBProgressHUD.m */ = {isa = PBXFileReference; fileEncoding = 4; lastKnownFileType = sourcecode.c.objc; name = MBProgressHUD.m; path = "../../../../../../../Downloads/MBProgressHUD-master/MBProgressHUD.m"; sourceTree = "<group>"; };
		70B35DCB1FE71605007020ED /* MBProgressHUD.h */ = {isa = PBXFileReference; fileEncoding = 4; lastKnownFileType = sourcecode.c.h; name = MBProgressHUD.h; path = "../../../../../../../Downloads/MBProgressHUD-master/MBProgressHUD.h"; sourceTree = "<group>"; };
		70B35DD11FE71846007020ED /* MKAnnotationView+WebCache.h */ = {isa = PBXFileReference; fileEncoding = 4; lastKnownFileType = sourcecode.c.h; path = "MKAnnotationView+WebCache.h"; sourceTree = "<group>"; };
		70B35DD21FE71846007020ED /* MKAnnotationView+WebCache.m */ = {isa = PBXFileReference; fileEncoding = 4; lastKnownFileType = sourcecode.c.objc; path = "MKAnnotationView+WebCache.m"; sourceTree = "<group>"; };
		70B35DD31FE71846007020ED /* NSData+ImageContentType.h */ = {isa = PBXFileReference; fileEncoding = 4; lastKnownFileType = sourcecode.c.h; path = "NSData+ImageContentType.h"; sourceTree = "<group>"; };
		70B35DD41FE71846007020ED /* NSData+ImageContentType.m */ = {isa = PBXFileReference; fileEncoding = 4; lastKnownFileType = sourcecode.c.objc; path = "NSData+ImageContentType.m"; sourceTree = "<group>"; };
		70B35DD51FE71846007020ED /* NSImage+WebCache.h */ = {isa = PBXFileReference; fileEncoding = 4; lastKnownFileType = sourcecode.c.h; path = "NSImage+WebCache.h"; sourceTree = "<group>"; };
		70B35DD61FE71846007020ED /* NSImage+WebCache.m */ = {isa = PBXFileReference; fileEncoding = 4; lastKnownFileType = sourcecode.c.objc; path = "NSImage+WebCache.m"; sourceTree = "<group>"; };
		70B35DD71FE71846007020ED /* SDImageCache.h */ = {isa = PBXFileReference; fileEncoding = 4; lastKnownFileType = sourcecode.c.h; path = SDImageCache.h; sourceTree = "<group>"; };
		70B35DD81FE71846007020ED /* SDImageCache.m */ = {isa = PBXFileReference; fileEncoding = 4; lastKnownFileType = sourcecode.c.objc; path = SDImageCache.m; sourceTree = "<group>"; };
		70B35DD91FE71846007020ED /* SDImageCacheConfig.h */ = {isa = PBXFileReference; fileEncoding = 4; lastKnownFileType = sourcecode.c.h; path = SDImageCacheConfig.h; sourceTree = "<group>"; };
		70B35DDA1FE71846007020ED /* SDImageCacheConfig.m */ = {isa = PBXFileReference; fileEncoding = 4; lastKnownFileType = sourcecode.c.objc; path = SDImageCacheConfig.m; sourceTree = "<group>"; };
		70B35DDB1FE71846007020ED /* SDWebImageCoder.h */ = {isa = PBXFileReference; fileEncoding = 4; lastKnownFileType = sourcecode.c.h; path = SDWebImageCoder.h; sourceTree = "<group>"; };
		70B35DDC1FE71846007020ED /* SDWebImageCoder.m */ = {isa = PBXFileReference; fileEncoding = 4; lastKnownFileType = sourcecode.c.objc; path = SDWebImageCoder.m; sourceTree = "<group>"; };
		70B35DDD1FE71846007020ED /* SDWebImageCoderHelper.h */ = {isa = PBXFileReference; fileEncoding = 4; lastKnownFileType = sourcecode.c.h; path = SDWebImageCoderHelper.h; sourceTree = "<group>"; };
		70B35DDE1FE71846007020ED /* SDWebImageCoderHelper.m */ = {isa = PBXFileReference; fileEncoding = 4; lastKnownFileType = sourcecode.c.objc; path = SDWebImageCoderHelper.m; sourceTree = "<group>"; };
		70B35DDF1FE71846007020ED /* SDWebImageCodersManager.h */ = {isa = PBXFileReference; fileEncoding = 4; lastKnownFileType = sourcecode.c.h; path = SDWebImageCodersManager.h; sourceTree = "<group>"; };
		70B35DE01FE71846007020ED /* SDWebImageCodersManager.m */ = {isa = PBXFileReference; fileEncoding = 4; lastKnownFileType = sourcecode.c.objc; path = SDWebImageCodersManager.m; sourceTree = "<group>"; };
		70B35DE11FE71846007020ED /* SDWebImageCompat.h */ = {isa = PBXFileReference; fileEncoding = 4; lastKnownFileType = sourcecode.c.h; path = SDWebImageCompat.h; sourceTree = "<group>"; };
		70B35DE21FE71846007020ED /* SDWebImageCompat.m */ = {isa = PBXFileReference; fileEncoding = 4; lastKnownFileType = sourcecode.c.objc; path = SDWebImageCompat.m; sourceTree = "<group>"; };
		70B35DE31FE71846007020ED /* SDWebImageDownloader.h */ = {isa = PBXFileReference; fileEncoding = 4; lastKnownFileType = sourcecode.c.h; path = SDWebImageDownloader.h; sourceTree = "<group>"; };
		70B35DE41FE71846007020ED /* SDWebImageDownloader.m */ = {isa = PBXFileReference; fileEncoding = 4; lastKnownFileType = sourcecode.c.objc; path = SDWebImageDownloader.m; sourceTree = "<group>"; };
		70B35DE51FE71846007020ED /* SDWebImageDownloaderOperation.h */ = {isa = PBXFileReference; fileEncoding = 4; lastKnownFileType = sourcecode.c.h; path = SDWebImageDownloaderOperation.h; sourceTree = "<group>"; };
		70B35DE61FE71846007020ED /* SDWebImageDownloaderOperation.m */ = {isa = PBXFileReference; fileEncoding = 4; lastKnownFileType = sourcecode.c.objc; path = SDWebImageDownloaderOperation.m; sourceTree = "<group>"; };
		70B35DE71FE71846007020ED /* SDWebImageFrame.h */ = {isa = PBXFileReference; fileEncoding = 4; lastKnownFileType = sourcecode.c.h; path = SDWebImageFrame.h; sourceTree = "<group>"; };
		70B35DE81FE71846007020ED /* SDWebImageFrame.m */ = {isa = PBXFileReference; fileEncoding = 4; lastKnownFileType = sourcecode.c.objc; path = SDWebImageFrame.m; sourceTree = "<group>"; };
		70B35DE91FE71846007020ED /* SDWebImageGIFCoder.h */ = {isa = PBXFileReference; fileEncoding = 4; lastKnownFileType = sourcecode.c.h; path = SDWebImageGIFCoder.h; sourceTree = "<group>"; };
		70B35DEA1FE71846007020ED /* SDWebImageGIFCoder.m */ = {isa = PBXFileReference; fileEncoding = 4; lastKnownFileType = sourcecode.c.objc; path = SDWebImageGIFCoder.m; sourceTree = "<group>"; };
		70B35DEB1FE71846007020ED /* SDWebImageImageIOCoder.h */ = {isa = PBXFileReference; fileEncoding = 4; lastKnownFileType = sourcecode.c.h; path = SDWebImageImageIOCoder.h; sourceTree = "<group>"; };
		70B35DEC1FE71846007020ED /* SDWebImageImageIOCoder.m */ = {isa = PBXFileReference; fileEncoding = 4; lastKnownFileType = sourcecode.c.objc; path = SDWebImageImageIOCoder.m; sourceTree = "<group>"; };
		70B35DED1FE71846007020ED /* SDWebImageManager.h */ = {isa = PBXFileReference; fileEncoding = 4; lastKnownFileType = sourcecode.c.h; path = SDWebImageManager.h; sourceTree = "<group>"; };
		70B35DEE1FE71846007020ED /* SDWebImageManager.m */ = {isa = PBXFileReference; fileEncoding = 4; lastKnownFileType = sourcecode.c.objc; path = SDWebImageManager.m; sourceTree = "<group>"; };
		70B35DEF1FE71846007020ED /* SDWebImageOperation.h */ = {isa = PBXFileReference; fileEncoding = 4; lastKnownFileType = sourcecode.c.h; path = SDWebImageOperation.h; sourceTree = "<group>"; };
		70B35DF01FE71846007020ED /* SDWebImagePrefetcher.h */ = {isa = PBXFileReference; fileEncoding = 4; lastKnownFileType = sourcecode.c.h; path = SDWebImagePrefetcher.h; sourceTree = "<group>"; };
		70B35DF11FE71846007020ED /* SDWebImagePrefetcher.m */ = {isa = PBXFileReference; fileEncoding = 4; lastKnownFileType = sourcecode.c.objc; path = SDWebImagePrefetcher.m; sourceTree = "<group>"; };
		70B35DF21FE71846007020ED /* SDWebImageWebPCoder.h */ = {isa = PBXFileReference; fileEncoding = 4; lastKnownFileType = sourcecode.c.h; path = SDWebImageWebPCoder.h; sourceTree = "<group>"; };
		70B35DF31FE71846007020ED /* SDWebImageWebPCoder.m */ = {isa = PBXFileReference; fileEncoding = 4; lastKnownFileType = sourcecode.c.objc; path = SDWebImageWebPCoder.m; sourceTree = "<group>"; };
		70B35DF41FE71846007020ED /* UIButton+WebCache.h */ = {isa = PBXFileReference; fileEncoding = 4; lastKnownFileType = sourcecode.c.h; path = "UIButton+WebCache.h"; sourceTree = "<group>"; };
		70B35DF51FE71846007020ED /* UIButton+WebCache.m */ = {isa = PBXFileReference; fileEncoding = 4; lastKnownFileType = sourcecode.c.objc; path = "UIButton+WebCache.m"; sourceTree = "<group>"; };
		70B35DF61FE71846007020ED /* UIImage+ForceDecode.h */ = {isa = PBXFileReference; fileEncoding = 4; lastKnownFileType = sourcecode.c.h; path = "UIImage+ForceDecode.h"; sourceTree = "<group>"; };
		70B35DF71FE71846007020ED /* UIImage+ForceDecode.m */ = {isa = PBXFileReference; fileEncoding = 4; lastKnownFileType = sourcecode.c.objc; path = "UIImage+ForceDecode.m"; sourceTree = "<group>"; };
		70B35DF81FE71846007020ED /* UIImage+GIF.h */ = {isa = PBXFileReference; fileEncoding = 4; lastKnownFileType = sourcecode.c.h; path = "UIImage+GIF.h"; sourceTree = "<group>"; };
		70B35DF91FE71846007020ED /* UIImage+GIF.m */ = {isa = PBXFileReference; fileEncoding = 4; lastKnownFileType = sourcecode.c.objc; path = "UIImage+GIF.m"; sourceTree = "<group>"; };
		70B35DFA1FE71846007020ED /* UIImage+MultiFormat.h */ = {isa = PBXFileReference; fileEncoding = 4; lastKnownFileType = sourcecode.c.h; path = "UIImage+MultiFormat.h"; sourceTree = "<group>"; };
		70B35DFB1FE71846007020ED /* UIImage+MultiFormat.m */ = {isa = PBXFileReference; fileEncoding = 4; lastKnownFileType = sourcecode.c.objc; path = "UIImage+MultiFormat.m"; sourceTree = "<group>"; };
		70B35DFC1FE71846007020ED /* UIImage+WebP.h */ = {isa = PBXFileReference; fileEncoding = 4; lastKnownFileType = sourcecode.c.h; path = "UIImage+WebP.h"; sourceTree = "<group>"; };
		70B35DFD1FE71846007020ED /* UIImage+WebP.m */ = {isa = PBXFileReference; fileEncoding = 4; lastKnownFileType = sourcecode.c.objc; path = "UIImage+WebP.m"; sourceTree = "<group>"; };
		70B35DFE1FE71846007020ED /* UIImageView+HighlightedWebCache.h */ = {isa = PBXFileReference; fileEncoding = 4; lastKnownFileType = sourcecode.c.h; path = "UIImageView+HighlightedWebCache.h"; sourceTree = "<group>"; };
		70B35DFF1FE71846007020ED /* UIImageView+HighlightedWebCache.m */ = {isa = PBXFileReference; fileEncoding = 4; lastKnownFileType = sourcecode.c.objc; path = "UIImageView+HighlightedWebCache.m"; sourceTree = "<group>"; };
		70B35E001FE71846007020ED /* UIImageView+WebCache.h */ = {isa = PBXFileReference; fileEncoding = 4; lastKnownFileType = sourcecode.c.h; path = "UIImageView+WebCache.h"; sourceTree = "<group>"; };
		70B35E011FE71846007020ED /* UIImageView+WebCache.m */ = {isa = PBXFileReference; fileEncoding = 4; lastKnownFileType = sourcecode.c.objc; path = "UIImageView+WebCache.m"; sourceTree = "<group>"; };
		70B35E021FE71846007020ED /* UIView+WebCache.h */ = {isa = PBXFileReference; fileEncoding = 4; lastKnownFileType = sourcecode.c.h; path = "UIView+WebCache.h"; sourceTree = "<group>"; };
		70B35E031FE71846007020ED /* UIView+WebCache.m */ = {isa = PBXFileReference; fileEncoding = 4; lastKnownFileType = sourcecode.c.objc; path = "UIView+WebCache.m"; sourceTree = "<group>"; };
		70B35E041FE71846007020ED /* UIView+WebCacheOperation.h */ = {isa = PBXFileReference; fileEncoding = 4; lastKnownFileType = sourcecode.c.h; path = "UIView+WebCacheOperation.h"; sourceTree = "<group>"; };
		70B35E051FE71846007020ED /* UIView+WebCacheOperation.m */ = {isa = PBXFileReference; fileEncoding = 4; lastKnownFileType = sourcecode.c.objc; path = "UIView+WebCacheOperation.m"; sourceTree = "<group>"; };
/* End PBXFileReference section */

/* Begin PBXFrameworksBuildPhase section */
		70B35D841FE5B5BD007020ED /* Frameworks */ = {
			isa = PBXFrameworksBuildPhase;
			buildActionMask = 2147483647;
			files = (
			);
			runOnlyForDeploymentPostprocessing = 0;
		};
/* End PBXFrameworksBuildPhase section */

/* Begin PBXGroup section */
		70B35D7E1FE5B5BD007020ED = {
			isa = PBXGroup;
			children = (
				70B35D891FE5B5BD007020ED /* WalmartLabTest */,
				70B35D961FE5B5BD007020ED /* Info.plist */,
				70B35D881FE5B5BD007020ED /* Products */,
			);
			sourceTree = "<group>";
		};
		70B35D881FE5B5BD007020ED /* Products */ = {
			isa = PBXGroup;
			children = (
				70B35D871FE5B5BD007020ED /* WalmartLabTest.app */,
			);
			name = Products;
			sourceTree = "<group>";
		};
		70B35D891FE5B5BD007020ED /* WalmartLabTest */ = {
			isa = PBXGroup;
			children = (
				70B35DC51FE70F8F007020ED /* Extentions */,
				70B35DA41FE5C166007020ED /* 3rdPartyApis */,
				70B35D8A1FE5B5BD007020ED /* AppDelegate.swift */,
				70B35DB01FE5CBD4007020ED /* Controllers */,
				70B35DBD1FE5FA49007020ED /* DataProvider */,
				70B35DB91FE5F9D2007020ED /* Managers */,
				70B35DB31FE5CE63007020ED /* Models */,
				70B35DB21FE5CBF2007020ED /* Supporting Files */,
				70B35DC01FE5FDF9007020ED /* Utils */,
				70B35DAB1FE5CBB9007020ED /* Views */,
			);
			path = WalmartLabTest;
			sourceTree = "<group>";
		};
		70B35DA41FE5C166007020ED /* 3rdPartyApis */ = {
			isa = PBXGroup;
			children = (
				70B35DCD1FE71846007020ED /* SDWebImage */,
				70B35DC81FE715EF007020ED /* MBProgressHUD */,
				70B35DA51FE5C64B007020ED /* FloatRatingView */,
			);
			path = 3rdPartyApis;
			sourceTree = "<group>";
		};
		70B35DA51FE5C64B007020ED /* FloatRatingView */ = {
			isa = PBXGroup;
			children = (
				70B35DA61FE5C64B007020ED /* FloatRatingView.swift */,
			);
			path = FloatRatingView;
			sourceTree = "<group>";
		};
		70B35DAB1FE5CBB9007020ED /* Views */ = {
			isa = PBXGroup;
			children = (
				70B35DAC1FE5CBB9007020ED /* WMHomeTableViewCell */,
			);
			path = Views;
			sourceTree = "<group>";
		};
		70B35DAC1FE5CBB9007020ED /* WMHomeTableViewCell */ = {
			isa = PBXGroup;
			children = (
				70B35DAD1FE5CBB9007020ED /* WMHomeTableViewCell.swift */,
			);
			path = WMHomeTableViewCell;
			sourceTree = "<group>";
		};
		70B35DB01FE5CBD4007020ED /* Controllers */ = {
			isa = PBXGroup;
			children = (
				70B35D8C1FE5B5BD007020ED /* WMHomeViewController.swift */,
				70B35D9C1FE5B8D4007020ED /* WMDetailViewController.swift */,
			);
			path = Controllers;
			sourceTree = "<group>";
		};
		70B35DB21FE5CBF2007020ED /* Supporting Files */ = {
			isa = PBXGroup;
			children = (
				70B35D8E1FE5B5BD007020ED /* Main.storyboard */,
				70B35D911FE5B5BD007020ED /* Assets.xcassets */,
				70B35D931FE5B5BD007020ED /* LaunchScreen.storyboard */,
			);
			path = "Supporting Files";
			sourceTree = "<group>";
		};
		70B35DB31FE5CE63007020ED /* Models */ = {
			isa = PBXGroup;
			children = (
				70B35DB41FE5CE82007020ED /* WMProductModel.swift */,
			);
			path = Models;
			sourceTree = "<group>";
		};
		70B35DB91FE5F9D2007020ED /* Managers */ = {
			isa = PBXGroup;
			children = (
				70B35DBB1FE5FA07007020ED /* WMProductManager.swift */,
			);
			path = Managers;
			sourceTree = "<group>";
		};
		70B35DBD1FE5FA49007020ED /* DataProvider */ = {
			isa = PBXGroup;
			children = (
				70B35DBE1FE5FA62007020ED /* WMDataProvider.swift */,
			);
			path = DataProvider;
			sourceTree = "<group>";
		};
		70B35DC01FE5FDF9007020ED /* Utils */ = {
			isa = PBXGroup;
			children = (
				70B35DC21FE60022007020ED /* WMProductModelParserUtil.swift */,
			);
			path = Utils;
			sourceTree = "<group>";
		};
		70B35DC51FE70F8F007020ED /* Extentions */ = {
			isa = PBXGroup;
			children = (
				70B35DC61FE70FA3007020ED /* UIColor+Extention.swift */,
			);
			path = Extentions;
			sourceTree = "<group>";
		};
		70B35DC81FE715EF007020ED /* MBProgressHUD */ = {
			isa = PBXGroup;
			children = (
				70B35DCB1FE71605007020ED /* MBProgressHUD.h */,
				70B35DCA1FE71605007020ED /* MBProgressHUD.m */,
				70B35DC91FE71604007020ED /* WalmartLabTest-Bridging-Header.h */,
			);
			path = MBProgressHUD;
			sourceTree = "<group>";
		};
		70B35DCD1FE71846007020ED /* SDWebImage */ = {
			isa = PBXGroup;
			children = (
				70B35DD11FE71846007020ED /* MKAnnotationView+WebCache.h */,
				70B35DD21FE71846007020ED /* MKAnnotationView+WebCache.m */,
				70B35DD31FE71846007020ED /* NSData+ImageContentType.h */,
				70B35DD41FE71846007020ED /* NSData+ImageContentType.m */,
				70B35DD51FE71846007020ED /* NSImage+WebCache.h */,
				70B35DD61FE71846007020ED /* NSImage+WebCache.m */,
				70B35DD71FE71846007020ED /* SDImageCache.h */,
				70B35DD81FE71846007020ED /* SDImageCache.m */,
				70B35DD91FE71846007020ED /* SDImageCacheConfig.h */,
				70B35DDA1FE71846007020ED /* SDImageCacheConfig.m */,
				70B35DDB1FE71846007020ED /* SDWebImageCoder.h */,
				70B35DDC1FE71846007020ED /* SDWebImageCoder.m */,
				70B35DDD1FE71846007020ED /* SDWebImageCoderHelper.h */,
				70B35DDE1FE71846007020ED /* SDWebImageCoderHelper.m */,
				70B35DDF1FE71846007020ED /* SDWebImageCodersManager.h */,
				70B35DE01FE71846007020ED /* SDWebImageCodersManager.m */,
				70B35DE11FE71846007020ED /* SDWebImageCompat.h */,
				70B35DE21FE71846007020ED /* SDWebImageCompat.m */,
				70B35DE31FE71846007020ED /* SDWebImageDownloader.h */,
				70B35DE41FE71846007020ED /* SDWebImageDownloader.m */,
				70B35DE51FE71846007020ED /* SDWebImageDownloaderOperation.h */,
				70B35DE61FE71846007020ED /* SDWebImageDownloaderOperation.m */,
				70B35DE71FE71846007020ED /* SDWebImageFrame.h */,
				70B35DE81FE71846007020ED /* SDWebImageFrame.m */,
				70B35DE91FE71846007020ED /* SDWebImageGIFCoder.h */,
				70B35DEA1FE71846007020ED /* SDWebImageGIFCoder.m */,
				70B35DEB1FE71846007020ED /* SDWebImageImageIOCoder.h */,
				70B35DEC1FE71846007020ED /* SDWebImageImageIOCoder.m */,
				70B35DED1FE71846007020ED /* SDWebImageManager.h */,
				70B35DEE1FE71846007020ED /* SDWebImageManager.m */,
				70B35DEF1FE71846007020ED /* SDWebImageOperation.h */,
				70B35DF01FE71846007020ED /* SDWebImagePrefetcher.h */,
				70B35DF11FE71846007020ED /* SDWebImagePrefetcher.m */,
				70B35DF21FE71846007020ED /* SDWebImageWebPCoder.h */,
				70B35DF31FE71846007020ED /* SDWebImageWebPCoder.m */,
				70B35DF41FE71846007020ED /* UIButton+WebCache.h */,
				70B35DF51FE71846007020ED /* UIButton+WebCache.m */,
				70B35DF61FE71846007020ED /* UIImage+ForceDecode.h */,
				70B35DF71FE71846007020ED /* UIImage+ForceDecode.m */,
				70B35DF81FE71846007020ED /* UIImage+GIF.h */,
				70B35DF91FE71846007020ED /* UIImage+GIF.m */,
				70B35DFA1FE71846007020ED /* UIImage+MultiFormat.h */,
				70B35DFB1FE71846007020ED /* UIImage+MultiFormat.m */,
				70B35DFC1FE71846007020ED /* UIImage+WebP.h */,
				70B35DFD1FE71846007020ED /* UIImage+WebP.m */,
				70B35DFE1FE71846007020ED /* UIImageView+HighlightedWebCache.h */,
				70B35DFF1FE71846007020ED /* UIImageView+HighlightedWebCache.m */,
				70B35E001FE71846007020ED /* UIImageView+WebCache.h */,
				70B35E011FE71846007020ED /* UIImageView+WebCache.m */,
				70B35E021FE71846007020ED /* UIView+WebCache.h */,
				70B35E031FE71846007020ED /* UIView+WebCache.m */,
				70B35E041FE71846007020ED /* UIView+WebCacheOperation.h */,
				70B35E051FE71846007020ED /* UIView+WebCacheOperation.m */,
			);
			path = SDWebImage;
			sourceTree = "<group>";
		};
/* End PBXGroup section */

/* Begin PBXNativeTarget section */
		70B35D861FE5B5BD007020ED /* WalmartLabTest */ = {
			isa = PBXNativeTarget;
			buildConfigurationList = 70B35D991FE5B5BD007020ED /* Build configuration list for PBXNativeTarget "WalmartLabTest" */;
			buildPhases = (
				70B35D831FE5B5BD007020ED /* Sources */,
				70B35D841FE5B5BD007020ED /* Frameworks */,
				70B35D851FE5B5BD007020ED /* Resources */,
			);
			buildRules = (
			);
			dependencies = (
			);
			name = WalmartLabTest;
			productName = WalmartLabTest;
			productReference = 70B35D871FE5B5BD007020ED /* WalmartLabTest.app */;
			productType = "com.apple.product-type.application";
		};
/* End PBXNativeTarget section */

/* Begin PBXProject section */
		70B35D7F1FE5B5BD007020ED /* Project object */ = {
			isa = PBXProject;
			attributes = {
				LastSwiftUpdateCheck = 0920;
				LastUpgradeCheck = 0920;
				ORGANIZATIONNAME = "Mitra di company";
				TargetAttributes = {
					70B35D861FE5B5BD007020ED = {
						CreatedOnToolsVersion = 9.2;
						LastSwiftMigration = 0920;
						ProvisioningStyle = Automatic;
					};
				};
			};
			buildConfigurationList = 70B35D821FE5B5BD007020ED /* Build configuration list for PBXProject "WalmartLabTest" */;
			compatibilityVersion = "Xcode 8.0";
			developmentRegion = en;
			hasScannedForEncodings = 0;
			knownRegions = (
				en,
				Base,
			);
			mainGroup = 70B35D7E1FE5B5BD007020ED;
			productRefGroup = 70B35D881FE5B5BD007020ED /* Products */;
			projectDirPath = "";
			projectRoot = "";
			targets = (
				70B35D861FE5B5BD007020ED /* WalmartLabTest */,
			);
		};
/* End PBXProject section */

/* Begin PBXResourcesBuildPhase section */
		70B35D851FE5B5BD007020ED /* Resources */ = {
			isa = PBXResourcesBuildPhase;
			buildActionMask = 2147483647;
			files = (
				70B35D951FE5B5BD007020ED /* LaunchScreen.storyboard in Resources */,
				70B35D921FE5B5BD007020ED /* Assets.xcassets in Resources */,
				70B35D901FE5B5BD007020ED /* Main.storyboard in Resources */,
			);
			runOnlyForDeploymentPostprocessing = 0;
		};
/* End PBXResourcesBuildPhase section */

/* Begin PBXSourcesBuildPhase section */
		70B35D831FE5B5BD007020ED /* Sources */ = {
			isa = PBXSourcesBuildPhase;
			buildActionMask = 2147483647;
			files = (
				70B35DBF1FE5FA62007020ED /* WMDataProvider.swift in Sources */,
				70B35E161FE71846007020ED /* SDWebImagePrefetcher.m in Sources */,
				70B35D9D1FE5B8D4007020ED /* WMDetailViewController.swift in Sources */,
				70B35DC71FE70FA3007020ED /* UIColor+Extention.swift in Sources */,
				70B35E0D1FE71846007020ED /* SDWebImageCoderHelper.m in Sources */,
				70B35E0C1FE71846007020ED /* SDWebImageCoder.m in Sources */,
				70B35E131FE71846007020ED /* SDWebImageGIFCoder.m in Sources */,
				70B35E181FE71846007020ED /* UIButton+WebCache.m in Sources */,
				70B35D8D1FE5B5BD007020ED /* WMHomeViewController.swift in Sources */,
				70B35E081FE71846007020ED /* NSData+ImageContentType.m in Sources */,
				70B35E1B1FE71846007020ED /* UIImage+MultiFormat.m in Sources */,
				70B35E1A1FE71846007020ED /* UIImage+GIF.m in Sources */,
				70B35E0B1FE71846007020ED /* SDImageCacheConfig.m in Sources */,
				70B35DCC1FE71605007020ED /* MBProgressHUD.m in Sources */,
				70B35E1E1FE71846007020ED /* UIImageView+WebCache.m in Sources */,
				70B35E0A1FE71846007020ED /* SDImageCache.m in Sources */,
				70B35E1F1FE71846007020ED /* UIView+WebCache.m in Sources */,
				70B35E191FE71846007020ED /* UIImage+ForceDecode.m in Sources */,
				70B35E151FE71846007020ED /* SDWebImageManager.m in Sources */,
				70B35E0E1FE71846007020ED /* SDWebImageCodersManager.m in Sources */,
				70B35DA71FE5C64B007020ED /* FloatRatingView.swift in Sources */,
				70B35DC31FE60022007020ED /* WMProductModelParserUtil.swift in Sources */,
				70B35E101FE71846007020ED /* SDWebImageDownloader.m in Sources */,
				70B35E201FE71846007020ED /* UIView+WebCacheOperation.m in Sources */,
				70B35E121FE71846007020ED /* SDWebImageFrame.m in Sources */,
				70B35E141FE71846007020ED /* SDWebImageImageIOCoder.m in Sources */,
				70B35DAE1FE5CBBA007020ED /* WMHomeTableViewCell.swift in Sources */,
				70B35E1C1FE71846007020ED /* UIImage+WebP.m in Sources */,
				70B35D8B1FE5B5BD007020ED /* AppDelegate.swift in Sources */,
				70B35E111FE71846007020ED /* SDWebImageDownloaderOperation.m in Sources */,
				70B35E071FE71846007020ED /* MKAnnotationView+WebCache.m in Sources */,
				70B35DBC1FE5FA07007020ED /* WMProductManager.swift in Sources */,
				70B35DB51FE5CE82007020ED /* WMProductModel.swift in Sources */,
				70B35E171FE71846007020ED /* SDWebImageWebPCoder.m in Sources */,
				70B35E0F1FE71846007020ED /* SDWebImageCompat.m in Sources */,
				70B35E1D1FE71846007020ED /* UIImageView+HighlightedWebCache.m in Sources */,
				70B35E091FE71846007020ED /* NSImage+WebCache.m in Sources */,
			);
			runOnlyForDeploymentPostprocessing = 0;
		};
/* End PBXSourcesBuildPhase section */

/* Begin PBXVariantGroup section */
		70B35D8E1FE5B5BD007020ED /* Main.storyboard */ = {
			isa = PBXVariantGroup;
			children = (
				70B35D8F1FE5B5BD007020ED /* Base */,
			);
			name = Main.storyboard;
			sourceTree = "<group>";
		};
		70B35D931FE5B5BD007020ED /* LaunchScreen.storyboard */ = {
			isa = PBXVariantGroup;
			children = (
				70B35D941FE5B5BD007020ED /* Base */,
			);
			name = LaunchScreen.storyboard;
			sourceTree = "<group>";
		};
/* End PBXVariantGroup section */

/* Begin XCBuildConfiguration section */
		70B35D971FE5B5BD007020ED /* Debug */ = {
			isa = XCBuildConfiguration;
			buildSettings = {
				ALWAYS_SEARCH_USER_PATHS = NO;
				CLANG_ANALYZER_NONNULL = YES;
				CLANG_ANALYZER_NUMBER_OBJECT_CONVERSION = YES_AGGRESSIVE;
				CLANG_CXX_LANGUAGE_STANDARD = "gnu++14";
				CLANG_CXX_LIBRARY = "libc++";
				CLANG_ENABLE_MODULES = YES;
				CLANG_ENABLE_OBJC_ARC = YES;
				CLANG_WARN_BLOCK_CAPTURE_AUTORELEASING = YES;
				CLANG_WARN_BOOL_CONVERSION = YES;
				CLANG_WARN_COMMA = YES;
				CLANG_WARN_CONSTANT_CONVERSION = YES;
				CLANG_WARN_DIRECT_OBJC_ISA_USAGE = YES_ERROR;
				CLANG_WARN_DOCUMENTATION_COMMENTS = YES;
				CLANG_WARN_EMPTY_BODY = YES;
				CLANG_WARN_ENUM_CONVERSION = YES;
				CLANG_WARN_INFINITE_RECURSION = YES;
				CLANG_WARN_INT_CONVERSION = YES;
				CLANG_WARN_NON_LITERAL_NULL_CONVERSION = YES;
				CLANG_WARN_OBJC_LITERAL_CONVERSION = YES;
				CLANG_WARN_OBJC_ROOT_CLASS = YES_ERROR;
				CLANG_WARN_RANGE_LOOP_ANALYSIS = YES;
				CLANG_WARN_STRICT_PROTOTYPES = YES;
				CLANG_WARN_SUSPICIOUS_MOVE = YES;
				CLANG_WARN_UNGUARDED_AVAILABILITY = YES_AGGRESSIVE;
				CLANG_WARN_UNREACHABLE_CODE = YES;
				CLANG_WARN__DUPLICATE_METHOD_MATCH = YES;
				CODE_SIGN_IDENTITY = "iPhone Developer";
				COPY_PHASE_STRIP = NO;
				DEBUG_INFORMATION_FORMAT = dwarf;
				ENABLE_STRICT_OBJC_MSGSEND = YES;
				ENABLE_TESTABILITY = YES;
				GCC_C_LANGUAGE_STANDARD = gnu11;
				GCC_DYNAMIC_NO_PIC = NO;
				GCC_NO_COMMON_BLOCKS = YES;
				GCC_OPTIMIZATION_LEVEL = 0;
				GCC_PREPROCESSOR_DEFINITIONS = (
					"DEBUG=1",
					"$(inherited)",
				);
				GCC_WARN_64_TO_32_BIT_CONVERSION = YES;
				GCC_WARN_ABOUT_RETURN_TYPE = YES_ERROR;
				GCC_WARN_UNDECLARED_SELECTOR = YES;
				GCC_WARN_UNINITIALIZED_AUTOS = YES_AGGRESSIVE;
				GCC_WARN_UNUSED_FUNCTION = YES;
				GCC_WARN_UNUSED_VARIABLE = YES;
				IPHONEOS_DEPLOYMENT_TARGET = 11.2;
				MTL_ENABLE_DEBUG_INFO = YES;
				ONLY_ACTIVE_ARCH = YES;
				SDKROOT = iphoneos;
				SWIFT_ACTIVE_COMPILATION_CONDITIONS = DEBUG;
				SWIFT_OPTIMIZATION_LEVEL = "-Onone";
			};
			name = Debug;
		};
		70B35D981FE5B5BD007020ED /* Release */ = {
			isa = XCBuildConfiguration;
			buildSettings = {
				ALWAYS_SEARCH_USER_PATHS = NO;
				CLANG_ANALYZER_NONNULL = YES;
				CLANG_ANALYZER_NUMBER_OBJECT_CONVERSION = YES_AGGRESSIVE;
				CLANG_CXX_LANGUAGE_STANDARD = "gnu++14";
				CLANG_CXX_LIBRARY = "libc++";
				CLANG_ENABLE_MODULES = YES;
				CLANG_ENABLE_OBJC_ARC = YES;
				CLANG_WARN_BLOCK_CAPTURE_AUTORELEASING = YES;
				CLANG_WARN_BOOL_CONVERSION = YES;
				CLANG_WARN_COMMA = YES;
				CLANG_WARN_CONSTANT_CONVERSION = YES;
				CLANG_WARN_DIRECT_OBJC_ISA_USAGE = YES_ERROR;
				CLANG_WARN_DOCUMENTATION_COMMENTS = YES;
				CLANG_WARN_EMPTY_BODY = YES;
				CLANG_WARN_ENUM_CONVERSION = YES;
				CLANG_WARN_INFINITE_RECURSION = YES;
				CLANG_WARN_INT_CONVERSION = YES;
				CLANG_WARN_NON_LITERAL_NULL_CONVERSION = YES;
				CLANG_WARN_OBJC_LITERAL_CONVERSION = YES;
				CLANG_WARN_OBJC_ROOT_CLASS = YES_ERROR;
				CLANG_WARN_RANGE_LOOP_ANALYSIS = YES;
				CLANG_WARN_STRICT_PROTOTYPES = YES;
				CLANG_WARN_SUSPICIOUS_MOVE = YES;
				CLANG_WARN_UNGUARDED_AVAILABILITY = YES_AGGRESSIVE;
				CLANG_WARN_UNREACHABLE_CODE = YES;
				CLANG_WARN__DUPLICATE_METHOD_MATCH = YES;
				CODE_SIGN_IDENTITY = "iPhone Developer";
				COPY_PHASE_STRIP = NO;
				DEBUG_INFORMATION_FORMAT = "dwarf-with-dsym";
				ENABLE_NS_ASSERTIONS = NO;
				ENABLE_STRICT_OBJC_MSGSEND = YES;
				GCC_C_LANGUAGE_STANDARD = gnu11;
				GCC_NO_COMMON_BLOCKS = YES;
				GCC_WARN_64_TO_32_BIT_CONVERSION = YES;
				GCC_WARN_ABOUT_RETURN_TYPE = YES_ERROR;
				GCC_WARN_UNDECLARED_SELECTOR = YES;
				GCC_WARN_UNINITIALIZED_AUTOS = YES_AGGRESSIVE;
				GCC_WARN_UNUSED_FUNCTION = YES;
				GCC_WARN_UNUSED_VARIABLE = YES;
				IPHONEOS_DEPLOYMENT_TARGET = 11.2;
				MTL_ENABLE_DEBUG_INFO = NO;
				SDKROOT = iphoneos;
				SWIFT_OPTIMIZATION_LEVEL = "-Owholemodule";
				VALIDATE_PRODUCT = YES;
			};
			name = Release;
		};
		70B35D9A1FE5B5BD007020ED /* Debug */ = {
			isa = XCBuildConfiguration;
			buildSettings = {
				ASSETCATALOG_COMPILER_APPICON_NAME = AppIcon;
				CLANG_ENABLE_MODULES = YES;
				CODE_SIGN_STYLE = Automatic;
				INFOPLIST_FILE = "$(SRCROOT)/Info.plist";
				LD_RUNPATH_SEARCH_PATHS = "$(inherited) @executable_path/Frameworks";
				PRODUCT_BUNDLE_IDENTIFIER = Mitra.WalmartLabTest;
				PRODUCT_NAME = "$(TARGET_NAME)";
				SWIFT_OBJC_BRIDGING_HEADER = "WalmartLabTest/3rdPartyApis/MBProgressHUD/WalmartLabTest-Bridging-Header.h";
				SWIFT_OPTIMIZATION_LEVEL = "-Onone";
				SWIFT_VERSION = 4.0;
				TARGETED_DEVICE_FAMILY = "1,2";
			};
			name = Debug;
		};
		70B35D9B1FE5B5BD007020ED /* Release */ = {
			isa = XCBuildConfiguration;
			buildSettings = {
				ASSETCATALOG_COMPILER_APPICON_NAME = AppIcon;
				CLANG_ENABLE_MODULES = YES;
				CODE_SIGN_STYLE = Automatic;
				INFOPLIST_FILE = "$(SRCROOT)/Info.plist";
				LD_RUNPATH_SEARCH_PATHS = "$(inherited) @executable_path/Frameworks";
				PRODUCT_BUNDLE_IDENTIFIER = Mitra.WalmartLabTest;
				PRODUCT_NAME = "$(TARGET_NAME)";
				SWIFT_OBJC_BRIDGING_HEADER = "WalmartLabTest/3rdPartyApis/MBProgressHUD/WalmartLabTest-Bridging-Header.h";
				SWIFT_VERSION = 4.0;
				TARGETED_DEVICE_FAMILY = "1,2";
			};
			name = Release;
		};
/* End XCBuildConfiguration section */

/* Begin XCConfigurationList section */
		70B35D821FE5B5BD007020ED /* Build configuration list for PBXProject "WalmartLabTest" */ = {
			isa = XCConfigurationList;
			buildConfigurations = (
				70B35D971FE5B5BD007020ED /* Debug */,
				70B35D981FE5B5BD007020ED /* Release */,
			);
			defaultConfigurationIsVisible = 0;
			defaultConfigurationName = Release;
		};
		70B35D991FE5B5BD007020ED /* Build configuration list for PBXNativeTarget "WalmartLabTest" */ = {
			isa = XCConfigurationList;
			buildConfigurations = (
				70B35D9A1FE5B5BD007020ED /* Debug */,
				70B35D9B1FE5B5BD007020ED /* Release */,
			);
			defaultConfigurationIsVisible = 0;
			defaultConfigurationName = Release;
		};
/* End XCConfigurationList section */
	};
	rootObject = 70B35D7F1FE5B5BD007020ED /* Project object */;
}
